github.com/gorilla/websocket v1.5.3 h1:saDtZ6Pbx/0u+bgYQ3q96pZgCzfhKXGPqt7kZ72aNNg=
github.com/gorilla/websocket v1.5.3/go.mod h1:YR8l580nyteQvAITg2hZ9XVh4b55+EU/adAjf1fMHhE=
golang.org/x/crypto v0.53.0 h1:QZ4Muo8THX6CizN2vPPd5fBGHyogrdK9fG4wLPFUsto=
golang.org/x/crypto v0.53.0/go.mod h1:DNLU434OwVakk9PzuwV8w62mAJpRJL3vsgcfp4Qnsio=
golang.org/x/net v0.55.0 h1:bcvxaJn3e1U6InsFWt1JUq1aSjnRxLzT2rtD2KfkDF8=
golang.org/x/net v0.55.0/go.mod h1:L5U2KuzuOe1lY7Z+aWVIKK6qEeJXnXV9yzGA+WCHJww=
golang.org/x/sys v0.46.0 h1:noSf2Fq6F8DBgS+LysIkx7rIExoNHJsxOAtPp4rthXw=
golang.org/x/sys v0.46.0/go.mod h1:4GL1E5IUh+htKOUEOaiffhrAeqysfVGipDYzABqnCmw=
golang.zx2c4.com/wintun v0.0.0-20230126152724-0fa3db229ce2 h1:B82qJJgjvYKsXS9jeunTOisW56dUokqW/FOteYJJ/yg=
golang.zx2c4.com/wintun v0.0.0-20230126152724-0fa3db229ce2/go.mod h1:deeaetjYA+DHMHg+sMSMI58GrEteJUUzzw7en6TJQcI=
golang.zx2c4.com/wireguard v0.0.0-20260522210424-ecfc5a8d5446 h1:cqHQ3AycTHvM2R7ikgyX57D+XvtcSnGylsLkOVhta/w=
golang.zx2c4.com/wireguard v0.0.0-20260522210424-ecfc5a8d5446/go.mod h1:rpwXGsirqLqN2L0JDJQlwOboGHmptD5ZD6T2VmcqhTw=
